
Microsoft Visual Studio Solution File, Format Version 11.00
# Visual Studio 2010
Project("{FAE04EC0-301F-11D3-BF4B-00C04F79EFBC}") = "ShootUpProto2", "Assembly-CSharp.csproj", "{B7DB9468-46A8-95E1-F883-B1610947F6C7}"
EndProject
Project("{FAE04EC0-301F-11D3-BF4B-00C04F79EFBC}") = "ShootUpProto2", "Assembly-CSharp-Editor.csproj", "{CE8AF6E3-F9DA-1518-F7D6-C83C07F1A83F}"
EndProject
Global
	GlobalSection(SolutionConfigurationPlatforms) = preSolution
		Debug|Any CPU = Debug|Any CPU
		Release|Any CPU = Release|Any CPU
	EndGlobalSection
	GlobalSection(ProjectConfigurationPlatforms) = postSolution
		{B7DB9468-46A8-95E1-F883-B1610947F6C7}.Debug|Any CPU.ActiveCfg = Debug|Any CPU
		{B7DB9468-46A8-95E1-F883-B1610947F6C7}.Debug|Any CPU.Build.0 = Debug|Any CPU
		{B7DB9468-46A8-95E1-F883-B1610947F6C7}.Release|Any CPU.ActiveCfg = Release|Any CPU
		{B7DB9468-46A8-95E1-F883-B1610947F6C7}.Release|Any CPU.Build.0 = Release|Any CPU
		{CE8AF6E3-F9DA-1518-F7D6-C83C07F1A83F}.Debug|Any CPU.ActiveCfg = Debug|Any CPU
		{CE8AF6E3-F9DA-1518-F7D6-C83C07F1A83F}.Debug|Any CPU.Build.0 = Debug|Any CPU
		{CE8AF6E3-F9DA-1518-F7D6-C83C07F1A83F}.Release|Any CPU.ActiveCfg = Release|Any CPU
		{CE8AF6E3-F9DA-1518-F7D6-C83C07F1A83F}.Release|Any CPU.Build.0 = Release|Any CPU
	EndGlobalSection
	GlobalSection(SolutionProperties) = preSolution
		HideSolutionNode = FALSE
	EndGlobalSection
	GlobalSection(MonoDevelopProperties) = preSolution
		StartupItem = Assembly-CSharp.csproj
	EndGlobalSection
EndGlobal
